
Microsoft Visual Studio Solution File, Format Version 12.00
# Visual Studio Version 17
VisualStudioVersion = 17.4.33205.214
MinimumVisualStudioVersion = 10.0.40219.1
Project("{FAE04EC0-301F-11D3-BF4B-00C04F79EFBC}") = "EjercicioPildora", "EjercicioPildora\EjercicioPildora.csproj", "{45DEE78D-0B60-4D10-9F6E-CF10D6EC966D}"
EndProject
Global
	GlobalSection(SolutionConfigurationPlatforms) = preSolution
		Debug|Any CPU = Debug|Any CPU
		Release|Any CPU = Release|Any CPU
	EndGlobalSection
	GlobalSection(ProjectConfigurationPlatforms) = postSolution
		{45DEE78D-0B60-4D10-9F6E-CF10D6EC966D}.Debug|Any CPU.ActiveCfg = Debug|Any CPU
		{45DEE78D-0B60-4D10-9F6E-CF10D6EC966D}.Debug|Any CPU.Build.0 = Debug|Any CPU
		{45DEE78D-0B60-4D10-9F6E-CF10D6EC966D}.Release|Any CPU.ActiveCfg = Release|Any CPU
		{45DEE78D-0B60-4D10-9F6E-CF10D6EC966D}.Release|Any CPU.Build.0 = Release|Any CPU
	EndGlobalSection
	GlobalSection(SolutionProperties) = preSolution
		HideSolutionNode = FALSE
	EndGlobalSection
	GlobalSection(ExtensibilityGlobals) = postSolution
		SolutionGuid = {689EEDEE-E5A8-4E34-B0CE-07E5824894B5}
	EndGlobalSection
EndGlobal
